
Microsoft Visual Studio Solution File, Format Version 12.00
# Visual Studio Version 17
VisualStudioVersion = 17.5.33424.131
MinimumVisualStudioVersion = 10.0.40219.1
Project("{9A19103F-16F7-4668-BE54-9A1E7A4F7556}") = "Web_CSV_Json_XML_reader", "Web_CSV_Json_XML_reader.csproj", "{950665EE-D86E-4A8B-B5DE-3F5AE76F3513}"
EndProject
Global
	GlobalSection(SolutionConfigurationPlatforms) = preSolution
		Debug|Any CPU = Debug|Any CPU
		Release|Any CPU = Release|Any CPU
	EndGlobalSection
	GlobalSection(ProjectConfigurationPlatforms) = postSolution
		{950665EE-D86E-4A8B-B5DE-3F5AE76F3513}.Debug|Any CPU.ActiveCfg = Debug|Any CPU
		{950665EE-D86E-4A8B-B5DE-3F5AE76F3513}.Debug|Any CPU.Build.0 = Debug|Any CPU
		{950665EE-D86E-4A8B-B5DE-3F5AE76F3513}.Release|Any CPU.ActiveCfg = Release|Any CPU
		{950665EE-D86E-4A8B-B5DE-3F5AE76F3513}.Release|Any CPU.Build.0 = Release|Any CPU
	EndGlobalSection
	GlobalSection(SolutionProperties) = preSolution
		HideSolutionNode = FALSE
	EndGlobalSection
	GlobalSection(ExtensibilityGlobals) = postSolution
		SolutionGuid = {4FFB1D84-C05B-455A-B0DA-376569119659}
	EndGlobalSection
EndGlobal
